
Microsoft Visual Studio Solution File, Format Version 12.00
# Visual Studio Version 16
VisualStudioVersion = 16.0.29509.3
MinimumVisualStudioVersion = 10.0.40219.1
Project("{FAE04EC0-301F-11D3-BF4B-00C04F79EFBC}") = "Translater.Web", "Translater\Translater.Web.csproj", "{F5144BA3-F670-40A2-A890-AF44C4D38C62}"
EndProject
Project("{FAE04EC0-301F-11D3-BF4B-00C04F79EFBC}") = "Translater.DAL", "Translater.DAL\Translater.DAL.csproj", "{71CDD158-DE15-43BE-9D2F-F32F12BB1200}"
EndProject
Project("{FAE04EC0-301F-11D3-BF4B-00C04F79EFBC}") = "Translater.BLL", "Translater.BLL\Translater.BLL.csproj", "{60F8D151-17DA-467F-8AAA-342FB27B6423}"
EndProject
Global
	GlobalSection(SolutionConfigurationPlatforms) = preSolution
		Debug|Any CPU = Debug|Any CPU
		Release|Any CPU = Release|Any CPU
	EndGlobalSection
	GlobalSection(ProjectConfigurationPlatforms) = postSolution
		{F5144BA3-F670-40A2-A890-AF44C4D38C62}.Debug|Any CPU.ActiveCfg = Debug|Any CPU
		{F5144BA3-F670-40A2-A890-AF44C4D38C62}.Debug|Any CPU.Build.0 = Debug|Any CPU
		{F5144BA3-F670-40A2-A890-AF44C4D38C62}.Release|Any CPU.ActiveCfg = Release|Any CPU
		{F5144BA3-F670-40A2-A890-AF44C4D38C62}.Release|Any CPU.Build.0 = Release|Any CPU
		{71CDD158-DE15-43BE-9D2F-F32F12BB1200}.Debug|Any CPU.ActiveCfg = Debug|Any CPU
		{71CDD158-DE15-43BE-9D2F-F32F12BB1200}.Debug|Any CPU.Build.0 = Debug|Any CPU
		{71CDD158-DE15-43BE-9D2F-F32F12BB1200}.Release|Any CPU.ActiveCfg = Release|Any CPU
		{71CDD158-DE15-43BE-9D2F-F32F12BB1200}.Release|Any CPU.Build.0 = Release|Any CPU
		{60F8D151-17DA-467F-8AAA-342FB27B6423}.Debug|Any CPU.ActiveCfg = Debug|Any CPU
		{60F8D151-17DA-467F-8AAA-342FB27B6423}.Debug|Any CPU.Build.0 = Debug|Any CPU
		{60F8D151-17DA-467F-8AAA-342FB27B6423}.Release|Any CPU.ActiveCfg = Release|Any CPU
		{60F8D151-17DA-467F-8AAA-342FB27B6423}.Release|Any CPU.Build.0 = Release|Any CPU
	EndGlobalSection
	GlobalSection(SolutionProperties) = preSolution
		HideSolutionNode = FALSE
	EndGlobalSection
	GlobalSection(ExtensibilityGlobals) = postSolution
		SolutionGuid = {03E6F5BE-CE1B-499F-B55F-F29CF3E39C1D}
	EndGlobalSection
EndGlobal
